
Microsoft Visual Studio Solution File, Format Version 12.00
# Visual Studio Version 17
VisualStudioVersion = 17.2.32526.322
MinimumVisualStudioVersion = 10.0.40219.1
Project("{9A19103F-16F7-4668-BE54-9A1E7A4F7556}") = "NINAActivityBot", "NINAActivityBot\NINAActivityBot.csproj", "{12833E9C-7401-4A5E-875B-6DC1C825CB50}"
EndProject
Project("{FAE04EC0-301F-11D3-BF4B-00C04F79EFBC}") = "NINAActivityBotUI", "..\NINAActivityBotUI\NINAActivityBotUI.csproj", "{FB30DA00-9049-4BBD-8769-6DEBD5D1A19C}"
EndProject
Global
	GlobalSection(SolutionConfigurationPlatforms) = preSolution
		Debug|Any CPU = Debug|Any CPU
		Release|Any CPU = Release|Any CPU
	EndGlobalSection
	GlobalSection(ProjectConfigurationPlatforms) = postSolution
		{12833E9C-7401-4A5E-875B-6DC1C825CB50}.Debug|Any CPU.ActiveCfg = Debug|Any CPU
		{12833E9C-7401-4A5E-875B-6DC1C825CB50}.Debug|Any CPU.Build.0 = Debug|Any CPU
		{12833E9C-7401-4A5E-875B-6DC1C825CB50}.Release|Any CPU.ActiveCfg = Release|Any CPU
		{12833E9C-7401-4A5E-875B-6DC1C825CB50}.Release|Any CPU.Build.0 = Release|Any CPU
		{FB30DA00-9049-4BBD-8769-6DEBD5D1A19C}.Debug|Any CPU.ActiveCfg = Debug|Any CPU
		{FB30DA00-9049-4BBD-8769-6DEBD5D1A19C}.Debug|Any CPU.Build.0 = Debug|Any CPU
		{FB30DA00-9049-4BBD-8769-6DEBD5D1A19C}.Release|Any CPU.ActiveCfg = Release|Any CPU
		{FB30DA00-9049-4BBD-8769-6DEBD5D1A19C}.Release|Any CPU.Build.0 = Release|Any CPU
	EndGlobalSection
	GlobalSection(SolutionProperties) = preSolution
		HideSolutionNode = FALSE
	EndGlobalSection
	GlobalSection(ExtensibilityGlobals) = postSolution
		SolutionGuid = {E495F14D-21D2-4199-822A-5A06EA4A9FCD}
	EndGlobalSection
EndGlobal
